
Microsoft Visual Studio Solution File, Format Version 12.00
# Visual Studio 15
Project("{FAE04EC0-301F-11D3-BF4B-00C04F79EFBC}") = "BORRAME", "BORRAME.csproj", "{E32AE39F-564D-4189-AB8E-F82B40D1E469}"
EndProject
Global
	GlobalSection(SolutionConfigurationPlatforms) = preSolution
		Debug|Any CPU = Debug|Any CPU
		Release|Any CPU = Release|Any CPU
	EndGlobalSection
	GlobalSection(ProjectConfigurationPlatforms) = postSolution
		{E32AE39F-564D-4189-AB8E-F82B40D1E469}.Debug|Any CPU.ActiveCfg = Debug|Any CPU
		{E32AE39F-564D-4189-AB8E-F82B40D1E469}.Debug|Any CPU.Build.0 = Debug|Any CPU
		{E32AE39F-564D-4189-AB8E-F82B40D1E469}.Release|Any CPU.ActiveCfg = Release|Any CPU
		{E32AE39F-564D-4189-AB8E-F82B40D1E469}.Release|Any CPU.Build.0 = Release|Any CPU
	EndGlobalSection
EndGlobal
